
Microsoft Visual Studio Solution File, Format Version 12.00
Project("{FAE04EC0-301F-11D3-BF4B-00C04F79EFBC}") = "proyectoFinal", "proyectoFinal\proyectoFinal.csproj", "{FBDB672D-82B0-4120-B9E3-ACE1B5EB2665}"
EndProject
Global
	GlobalSection(SolutionConfigurationPlatforms) = preSolution
		Debug|Any CPU = Debug|Any CPU
		Release|Any CPU = Release|Any CPU
	EndGlobalSection
	GlobalSection(ProjectConfigurationPlatforms) = postSolution
		{FBDB672D-82B0-4120-B9E3-ACE1B5EB2665}.Debug|Any CPU.ActiveCfg = Debug|Any CPU
		{FBDB672D-82B0-4120-B9E3-ACE1B5EB2665}.Debug|Any CPU.Build.0 = Debug|Any CPU
		{FBDB672D-82B0-4120-B9E3-ACE1B5EB2665}.Release|Any CPU.ActiveCfg = Release|Any CPU
		{FBDB672D-82B0-4120-B9E3-ACE1B5EB2665}.Release|Any CPU.Build.0 = Release|Any CPU
	EndGlobalSection
EndGlobal
